{
  "schemaVersion": 1,
  "process": {
    "version": "0.6.1",
    "digest": "sha256:d90a8a1d8a3caaee9db99fa89781c63f642c87862e69202260a7bf9186ec6750"
  },
  "skills": [
    "assess-design",
    "build-frontend",
    "build-frontend-foundation",
    "change-api",
    "cross-repo-change",
    "define-change-contract",
    "design-module",
    "evolve-process",
    "finish-change",
    "govern-ui",
    "implement-change",
    "implement-module",
    "implement-use-case",
    "integrate-mcp",
    "maintain-docs",
    "plan-change",
    "publish-change",
    "review-change",
    "run-change",
    "run-project-command",
    "specify-use-case",
    "verify-change"
  ]
}
