{
  "schemaVersion": 1,
  "process": {
    "version": "0.6.0",
    "digest": "sha256:1391e75fa9dc5f113c35125ca103ca7e693969f3e342b8a5a3e0b123e9efa8a9"
  },
  "skills": [
    "assess-design",
    "build-frontend",
    "build-frontend-foundation",
    "change-api",
    "cross-repo-change",
    "define-change-contract",
    "design-module",
    "evolve-process",
    "finish-change",
    "govern-ui",
    "implement-change",
    "implement-module",
    "implement-use-case",
    "integrate-mcp",
    "maintain-docs",
    "plan-change",
    "publish-change",
    "review-change",
    "run-change",
    "run-project-command",
    "specify-use-case",
    "verify-change"
  ]
}
