{
  "schemaVersion": 1,
  "process": {
    "version": "0.7.0",
    "digest": "sha256:24f2502506d1445d7c71096f39bdf72dee8c36d49cc606df059fb44ef6885ae4"
  },
  "skills": [
    "assess-design",
    "build-frontend",
    "build-frontend-foundation",
    "change-api",
    "cross-repo-change",
    "define-change-contract",
    "design-module",
    "evolve-process",
    "finish-change",
    "govern-ui",
    "implement-change",
    "implement-module",
    "implement-use-case",
    "integrate-mcp",
    "maintain-docs",
    "plan-change",
    "publish-change",
    "review-change",
    "run-change",
    "run-project-command",
    "specify-use-case",
    "verify-change"
  ]
}
